
Microsoft Visual Studio Solution File, Format Version 12.00
# Visual Studio Version 16
VisualStudioVersion = 16.0.29728.190
MinimumVisualStudioVersion = 10.0.40219.1
Project("{FAE04EC0-301F-11D3-BF4B-00C04F79EFBC}") = "AdventOfCode", "AdventOfCode\AdventOfCode.csproj", "{D4DC8BCD-F4B7-4B36-817C-75102D428F4D}"
EndProject
Global
	GlobalSection(SolutionConfigurationPlatforms) = preSolution
		Debug|Any CPU = Debug|Any CPU
		Release|Any CPU = Release|Any CPU
	EndGlobalSection
	GlobalSection(ProjectConfigurationPlatforms) = postSolution
		{D4DC8BCD-F4B7-4B36-817C-75102D428F4D}.Debug|Any CPU.ActiveCfg = Debug|Any CPU
		{D4DC8BCD-F4B7-4B36-817C-75102D428F4D}.Debug|Any CPU.Build.0 = Debug|Any CPU
		{D4DC8BCD-F4B7-4B36-817C-75102D428F4D}.Release|Any CPU.ActiveCfg = Release|Any CPU
		{D4DC8BCD-F4B7-4B36-817C-75102D428F4D}.Release|Any CPU.Build.0 = Release|Any CPU
	EndGlobalSection
	GlobalSection(SolutionProperties) = preSolution
		HideSolutionNode = FALSE
	EndGlobalSection
	GlobalSection(ExtensibilityGlobals) = postSolution
		SolutionGuid = {D1C51A59-6D27-4DB8-B754-8610C5A29247}
	EndGlobalSection
EndGlobal
